
Microsoft Visual Studio Solution File, Format Version 12.00
# Visual Studio 15
VisualStudioVersion = 15.0.28307.168
MinimumVisualStudioVersion = 10.0.40219.1
Project("{FAE04EC0-301F-11D3-BF4B-00C04F79EFBC}") = "OracleManagerStudio", "OracleManagerStudio\OracleManagerStudio.csproj", "{30A7FBD2-9700-41C0-96B5-2FF03E0BFDE7}"
EndProject
Global
	GlobalSection(SolutionConfigurationPlatforms) = preSolution
		Debug|Any CPU = Debug|Any CPU
		Release|Any CPU = Release|Any CPU
	EndGlobalSection
	GlobalSection(ProjectConfigurationPlatforms) = postSolution
		{30A7FBD2-9700-41C0-96B5-2FF03E0BFDE7}.Debug|Any CPU.ActiveCfg = Debug|Any CPU
		{30A7FBD2-9700-41C0-96B5-2FF03E0BFDE7}.Debug|Any CPU.Build.0 = Debug|Any CPU
		{30A7FBD2-9700-41C0-96B5-2FF03E0BFDE7}.Release|Any CPU.ActiveCfg = Release|Any CPU
		{30A7FBD2-9700-41C0-96B5-2FF03E0BFDE7}.Release|Any CPU.Build.0 = Release|Any CPU
	EndGlobalSection
	GlobalSection(SolutionProperties) = preSolution
		HideSolutionNode = FALSE
	EndGlobalSection
	GlobalSection(ExtensibilityGlobals) = postSolution
		SolutionGuid = {2D8E34C7-79CB-4824-BABA-3EC6D460D550}
	EndGlobalSection
EndGlobal
